
Microsoft Visual Studio Solution File, Format Version 12.00
# Visual Studio Version 17
VisualStudioVersion = 17.5.33414.496
MinimumVisualStudioVersion = 10.0.40219.1
Project("{FAE04EC0-301F-11D3-BF4B-00C04F79EFBC}") = "HashandHmacAlgorithms", "HashandHmacAlgorithms\HashandHmacAlgorithms.csproj", "{93A30E9A-7AD5-479F-9003-53577AD877E6}"
EndProject
Global
	GlobalSection(SolutionConfigurationPlatforms) = preSolution
		Debug|Any CPU = Debug|Any CPU
		Release|Any CPU = Release|Any CPU
	EndGlobalSection
	GlobalSection(ProjectConfigurationPlatforms) = postSolution
		{93A30E9A-7AD5-479F-9003-53577AD877E6}.Debug|Any CPU.ActiveCfg = Debug|Any CPU
		{93A30E9A-7AD5-479F-9003-53577AD877E6}.Debug|Any CPU.Build.0 = Debug|Any CPU
		{93A30E9A-7AD5-479F-9003-53577AD877E6}.Release|Any CPU.ActiveCfg = Release|Any CPU
		{93A30E9A-7AD5-479F-9003-53577AD877E6}.Release|Any CPU.Build.0 = Release|Any CPU
	EndGlobalSection
	GlobalSection(SolutionProperties) = preSolution
		HideSolutionNode = FALSE
	EndGlobalSection
	GlobalSection(ExtensibilityGlobals) = postSolution
		SolutionGuid = {E99399AC-03B7-47FA-89AE-2A4E8A64DBD1}
	EndGlobalSection
EndGlobal
